<?xml version="1.0" encoding="utf-8"?>
<Project ToolsVersion="4.0" xmlns="http://schemas.microsoft.com/developer/msbuild/2003">
  <ItemGroup>
    <Filter Include="소스 파일">
      <UniqueIdentifier>{4FC737F1-C7A5-4376-A066-2A32D752A2FF}</UniqueIdentifier>
      <Extensions>cpp;c;cc;cxx;c++;cppm;ixx;def;odl;idl;hpj;bat;asm;asmx</Extensions>
    </Filter>
    <Filter Include="리소스 파일">
      <UniqueIdentifier>{67DA6AB6-F800-4c08-8B7A-83BB121AAD01}</UniqueIdentifier>
      <Extensions>rc;ico;cur;bmp;dlg;rc2;rct;bin;rgs;gif;jpg;jpeg;jpe;resx;tiff;tif;png;wav;mfcribbon-ms</Extensions>
    </Filter>
    <Filter Include="셰이더 파일">
      <UniqueIdentifier>{dd872801-864c-4b74-90e5-dbbc2fab8948}</UniqueIdentifier>
    </Filter>
    <Filter Include="소스 파일\Framework">
      <UniqueIdentifier>{4699ec4d-d38e-4b89-995e-e1116019e389}</UniqueIdentifier>
    </Filter>
    <Filter Include="소스 파일\Buffer">
      <UniqueIdentifier>{baf28edc-61f3-4934-bf5d-9d12c42d6edd}</UniqueIdentifier>
    </Filter>
    <Filter Include="소스 파일\Mesh">
      <UniqueIdentifier>{b2e906cd-1a6c-4b7d-a56b-f2ff2c4a97ff}</UniqueIdentifier>
    </Filter>
    <Filter Include="소스 파일\Scene">
      <UniqueIdentifier>{5d21c89b-0759-452f-adff-a1189a155d1f}</UniqueIdentifier>
    </Filter>
    <Filter Include="소스 파일\Object">
      <UniqueIdentifier>{ea14b87d-2a54-452d-8d1f-776b6ac08503}</UniqueIdentifier>
    </Filter>
    <Filter Include="외부 파일">
      <UniqueIdentifier>{7863b9b8-575d-4575-b2a9-78d885cc54a7}</UniqueIdentifier>
    </Filter>
    <Filter Include="소스 파일\System">
      <UniqueIdentifier>{92e4a2fe-b725-41cf-8cfc-8f6f08b016d9}</UniqueIdentifier>
    </Filter>
    <Filter Include="소스 파일\Model Load">
      <UniqueIdentifier>{b1813ef4-e10a-4ca6-b2fb-29e1ac38f796}</UniqueIdentifier>
    </Filter>
    <Filter Include="소스 파일\Animation">
      <UniqueIdentifier>{5e86258f-e176-4da3-9fb0-e078e446493f}</UniqueIdentifier>
    </Filter>
    <Filter Include="소스 파일\Font">
      <UniqueIdentifier>{c3049a3b-7351-44a1-bb98-6a605c7a30f7}</UniqueIdentifier>
    </Filter>
  </ItemGroup>
  <ItemGroup>
    <ClInclude Include="GameFramework.h">
      <Filter>소스 파일\Framework</Filter>
    </ClInclude>
    <ClInclude Include="Zenith of Challenger.h">
      <Filter>소스 파일\Framework</Filter>
    </ClInclude>
    <ClInclude Include="Camera.h">
      <Filter>소스 파일\Buffer</Filter>
    </ClInclude>
    <ClInclude Include="texture.h">
      <Filter>소스 파일\Buffer</Filter>
    </ClInclude>
    <ClInclude Include="Mesh.h">
      <Filter>소스 파일\Mesh</Filter>
    </ClInclude>
    <ClInclude Include="Scene.h">
      <Filter>소스 파일\Scene</Filter>
    </ClInclude>
    <ClInclude Include="Object.h">
      <Filter>소스 파일\Object</Filter>
    </ClInclude>
    <ClInclude Include="Player.h">
      <Filter>소스 파일\Object</Filter>
    </ClInclude>
    <ClInclude Include="DDSTextureLoader12.h">
      <Filter>외부 파일</Filter>
    </ClInclude>
    <ClInclude Include="d3dx12.h">
      <Filter>외부 파일</Filter>
    </ClInclude>
    <ClInclude Include="WICTextureLoader12.h">
      <Filter>외부 파일</Filter>
    </ClInclude>
    <ClInclude Include="Shader.h">
      <Filter>소스 파일\System</Filter>
    </ClInclude>
    <ClInclude Include="Timer.h">
      <Filter>소스 파일\System</Filter>
    </ClInclude>
    <ClInclude Include="stdafx.h">
      <Filter>소스 파일\System</Filter>
    </ClInclude>
    <ClInclude Include="Resource.h">
      <Filter>소스 파일\System</Filter>
    </ClInclude>
    <ClInclude Include="targetver.h">
      <Filter>소스 파일\System</Filter>
    </ClInclude>
    <ClInclude Include="Lighting.h">
      <Filter>소스 파일\Buffer</Filter>
    </ClInclude>
    <ClInclude Include="vertex.h">
      <Filter>소스 파일\Mesh</Filter>
    </ClInclude>
    <ClInclude Include="buffer.h">
      <Filter>소스 파일\Buffer</Filter>
    </ClInclude>
    <ClInclude Include="Instance.h">
      <Filter>소스 파일\Mesh</Filter>
    </ClInclude>
    <ClInclude Include="Material.h">
      <Filter>소스 파일\Buffer</Filter>
    </ClInclude>
    <ClInclude Include="SceneManager.h">
      <Filter>소스 파일\Scene</Filter>
    </ClInclude>
    <ClInclude Include="StartScene.h">
      <Filter>소스 파일\Scene</Filter>
    </ClInclude>
    <ClInclude Include="GameScene.h">
      <Filter>소스 파일\Scene</Filter>
    </ClInclude>
    <ClInclude Include="FBXLoader.h">
      <Filter>소스 파일\Model Load</Filter>
    </ClInclude>
    <ClInclude Include="Animation.h">
      <Filter>소스 파일\Animation</Filter>
    </ClInclude>
    <ClInclude Include="d3dUtil.h">
      <Filter>외부 파일</Filter>
    </ClInclude>
  </ItemGroup>
  <ItemGroup>
    <ClCompile Include="Zenith of Challenger.cpp">
      <Filter>소스 파일\Framework</Filter>
    </ClCompile>
    <ClCompile Include="GameFramework.cpp">
      <Filter>소스 파일\Framework</Filter>
    </ClCompile>
    <ClCompile Include="Camera.cpp">
      <Filter>소스 파일\Buffer</Filter>
    </ClCompile>
    <ClCompile Include="texture.cpp">
      <Filter>소스 파일\Buffer</Filter>
    </ClCompile>
    <ClCompile Include="Mesh.cpp">
      <Filter>소스 파일\Mesh</Filter>
    </ClCompile>
    <ClCompile Include="Scene.cpp">
      <Filter>소스 파일\Scene</Filter>
    </ClCompile>
    <ClCompile Include="Object.cpp">
      <Filter>소스 파일\Object</Filter>
    </ClCompile>
    <ClCompile Include="Player.cpp">
      <Filter>소스 파일\Object</Filter>
    </ClCompile>
    <ClCompile Include="DDSTextureLoader12.cpp">
      <Filter>외부 파일</Filter>
    </ClCompile>
    <ClCompile Include="WICTextureLoader12.cpp">
      <Filter>외부 파일</Filter>
    </ClCompile>
    <ClCompile Include="Shader.cpp">
      <Filter>소스 파일\System</Filter>
    </ClCompile>
    <ClCompile Include="Timer.cpp">
      <Filter>소스 파일\System</Filter>
    </ClCompile>
    <ClCompile Include="stdafx.cpp">
      <Filter>소스 파일\System</Filter>
    </ClCompile>
    <ClCompile Include="Lighting.cpp">
      <Filter>소스 파일\Buffer</Filter>
    </ClCompile>
    <ClCompile Include="Instance.cpp">
      <Filter>소스 파일\Mesh</Filter>
    </ClCompile>
    <ClCompile Include="Material.cpp">
      <Filter>소스 파일\Buffer</Filter>
    </ClCompile>
    <ClCompile Include="SceneManager.cpp">
      <Filter>소스 파일\Scene</Filter>
    </ClCompile>
    <ClCompile Include="StartScene.cpp">
      <Filter>소스 파일\Scene</Filter>
    </ClCompile>
    <ClCompile Include="GameScene.cpp">
      <Filter>소스 파일\Scene</Filter>
    </ClCompile>
    <ClCompile Include="FBXLoader.cpp">
      <Filter>소스 파일\Model Load</Filter>
    </ClCompile>
    <ClCompile Include="Animation.cpp">
      <Filter>소스 파일\Animation</Filter>
    </ClCompile>
    <ClCompile Include="d3dUtil.cpp">
      <Filter>외부 파일</Filter>
    </ClCompile>
  </ItemGroup>
  <ItemGroup>
    <ResourceCompile Include="Zenith of Challenger.rc">
      <Filter>리소스 파일</Filter>
    </ResourceCompile>
  </ItemGroup>
  <ItemGroup>
    <Image Include="small.ico">
      <Filter>리소스 파일</Filter>
    </Image>
    <Image Include="Zenith of Challenger.ico">
      <Filter>리소스 파일</Filter>
    </Image>
  </ItemGroup>
  <ItemGroup>
    <FxCompile Include="Shaders.hlsl">
      <Filter>셰이더 파일</Filter>
    </FxCompile>
    <FxCompile Include="Object.hlsl">
      <Filter>셰이더 파일</Filter>
    </FxCompile>
    <FxCompile Include="SkyBox.hlsl">
      <Filter>셰이더 파일</Filter>
    </FxCompile>
    <FxCompile Include="Terrain.hlsl">
      <Filter>셰이더 파일</Filter>
    </FxCompile>
    <FxCompile Include="Lighting.hlsl">
      <Filter>셰이더 파일</Filter>
    </FxCompile>
    <FxCompile Include="FBXShader.hlsl">
      <Filter>셰이더 파일</Filter>
    </FxCompile>
    <FxCompile Include="UIScreenShader.hlsl">
      <Filter>셰이더 파일</Filter>
    </FxCompile>
    <FxCompile Include="Character.hlsl">
      <Filter>셰이더 파일</Filter>
    </FxCompile>
  </ItemGroup>
  <ItemGroup>
    <None Include="packages.config" />
  </ItemGroup>
</Project>